{
  "name": "pikmin-repository",
  "lockfileVersion": 3,
  "requires": true,
  "packages": {
    "": {
      "devDependencies": {
        "@types/numjs": "^0.16.7"
      }
    },
    "node_modules/@types/ndarray": {
      "dev": true
    },
    "node_modules/@types/numjs": {
      "version": "0.16.7",
      "resolved": "https://registry.npmjs.org/@types/numjs/-/numjs-0.16.7.tgz",
      "integrity": "sha512-mqyyvGalCXZ3+EVi6Ovz5RP6hmJFCDMs4rWWeN+d7LeFxa7QfDxxOliYqdOsKbAsu3M6bjBVxd6iis+MS2M67A==",
      "dev": true,
      "dependencies": {
        "@types/ndarray": "*"
      }
    }
  }
}
